
Microsoft Visual Studio Solution File, Format Version 12.00
# Visual Studio 15
VisualStudioVersion = 15.0.28307.136
MinimumVisualStudioVersion = 10.0.40219.1
Project("{9A19103F-16F7-4668-BE54-9A1E7A4F7556}") = "DesignPatterns", "DesignPatterns\DesignPatterns.csproj", "{8E0AD78F-9775-4048-AC9D-F9216EF407F5}"
EndProject
Project("{2150E333-8FDC-42A3-9474-1A3956D46DE8}") = "Abstracts", "Abstracts", "{2CC4F0BE-10FD-434F-ADED-DB0198FB167C}"
EndProject
Project("{2150E333-8FDC-42A3-9474-1A3956D46DE8}") = "Examples", "Examples", "{702D227B-9837-4E73-B485-2135960D0A99}"
EndProject
Project("{2150E333-8FDC-42A3-9474-1A3956D46DE8}") = "CreationalPatterns", "CreationalPatterns", "{1D27D6CD-9BEC-4F62-A65A-AC2AD82BE930}"
EndProject
Project("{2150E333-8FDC-42A3-9474-1A3956D46DE8}") = "StructuralPatterns", "StructuralPatterns", "{556EB5F0-2B3C-4D9E-B3E1-4308DEA11A7F}"
EndProject
Project("{9A19103F-16F7-4668-BE54-9A1E7A4F7556}") = "AbstractFactory", "Abstracts\CreationalPatterns\AbstractFactory\AbstractFactory.csproj", "{9629639D-3C48-487A-9E04-7C99237F5896}"
EndProject
Project("{9A19103F-16F7-4668-BE54-9A1E7A4F7556}") = "Builder", "Abstracts\CreationalPatterns\Builder\Builder.csproj", "{BD09C3AB-9DA1-40D1-AF99-555421714EB0}"
EndProject
Project("{9A19103F-16F7-4668-BE54-9A1E7A4F7556}") = "FactoryMethod", "Abstracts\CreationalPatterns\FactoryMethod\FactoryMethod.csproj", "{02037BF1-5E62-47C8-992D-B1758D645C0F}"
EndProject
Project("{9A19103F-16F7-4668-BE54-9A1E7A4F7556}") = "Singleton", "Abstracts\CreationalPatterns\Singleton\Singleton.csproj", "{98BD7EC6-398A-485B-A7FF-E216FBC3280A}"
EndProject
Project("{FAE04EC0-301F-11D3-BF4B-00C04F79EFBC}") = "Prototype", "Prototype\Prototype.csproj", "{E2DCF47B-C0C6-49AA-87B6-832EFE5B7D0F}"
EndProject
Global
	GlobalSection(SolutionConfigurationPlatforms) = preSolution
		Debug|Any CPU = Debug|Any CPU
		Release|Any CPU = Release|Any CPU
	EndGlobalSection
	GlobalSection(ProjectConfigurationPlatforms) = postSolution
		{8E0AD78F-9775-4048-AC9D-F9216EF407F5}.Debug|Any CPU.ActiveCfg = Debug|Any CPU
		{8E0AD78F-9775-4048-AC9D-F9216EF407F5}.Debug|Any CPU.Build.0 = Debug|Any CPU
		{8E0AD78F-9775-4048-AC9D-F9216EF407F5}.Release|Any CPU.ActiveCfg = Release|Any CPU
		{8E0AD78F-9775-4048-AC9D-F9216EF407F5}.Release|Any CPU.Build.0 = Release|Any CPU
		{9629639D-3C48-487A-9E04-7C99237F5896}.Debug|Any CPU.ActiveCfg = Debug|Any CPU
		{9629639D-3C48-487A-9E04-7C99237F5896}.Debug|Any CPU.Build.0 = Debug|Any CPU
		{9629639D-3C48-487A-9E04-7C99237F5896}.Release|Any CPU.ActiveCfg = Release|Any CPU
		{9629639D-3C48-487A-9E04-7C99237F5896}.Release|Any CPU.Build.0 = Release|Any CPU
		{BD09C3AB-9DA1-40D1-AF99-555421714EB0}.Debug|Any CPU.ActiveCfg = Debug|Any CPU
		{BD09C3AB-9DA1-40D1-AF99-555421714EB0}.Debug|Any CPU.Build.0 = Debug|Any CPU
		{BD09C3AB-9DA1-40D1-AF99-555421714EB0}.Release|Any CPU.ActiveCfg = Release|Any CPU
		{BD09C3AB-9DA1-40D1-AF99-555421714EB0}.Release|Any CPU.Build.0 = Release|Any CPU
		{02037BF1-5E62-47C8-992D-B1758D645C0F}.Debug|Any CPU.ActiveCfg = Debug|Any CPU
		{02037BF1-5E62-47C8-992D-B1758D645C0F}.Debug|Any CPU.Build.0 = Debug|Any CPU
		{02037BF1-5E62-47C8-992D-B1758D645C0F}.Release|Any CPU.ActiveCfg = Release|Any CPU
		{02037BF1-5E62-47C8-992D-B1758D645C0F}.Release|Any CPU.Build.0 = Release|Any CPU
		{98BD7EC6-398A-485B-A7FF-E216FBC3280A}.Debug|Any CPU.ActiveCfg = Debug|Any CPU
		{98BD7EC6-398A-485B-A7FF-E216FBC3280A}.Debug|Any CPU.Build.0 = Debug|Any CPU
		{98BD7EC6-398A-485B-A7FF-E216FBC3280A}.Release|Any CPU.ActiveCfg = Release|Any CPU
		{98BD7EC6-398A-485B-A7FF-E216FBC3280A}.Release|Any CPU.Build.0 = Release|Any CPU
		{E2DCF47B-C0C6-49AA-87B6-832EFE5B7D0F}.Debug|Any CPU.ActiveCfg = Debug|Any CPU
		{E2DCF47B-C0C6-49AA-87B6-832EFE5B7D0F}.Debug|Any CPU.Build.0 = Debug|Any CPU
		{E2DCF47B-C0C6-49AA-87B6-832EFE5B7D0F}.Release|Any CPU.ActiveCfg = Release|Any CPU
		{E2DCF47B-C0C6-49AA-87B6-832EFE5B7D0F}.Release|Any CPU.Build.0 = Release|Any CPU
	EndGlobalSection
	GlobalSection(SolutionProperties) = preSolution
		HideSolutionNode = FALSE
	EndGlobalSection
	GlobalSection(NestedProjects) = preSolution
		{1D27D6CD-9BEC-4F62-A65A-AC2AD82BE930} = {2CC4F0BE-10FD-434F-ADED-DB0198FB167C}
		{556EB5F0-2B3C-4D9E-B3E1-4308DEA11A7F} = {2CC4F0BE-10FD-434F-ADED-DB0198FB167C}
		{9629639D-3C48-487A-9E04-7C99237F5896} = {1D27D6CD-9BEC-4F62-A65A-AC2AD82BE930}
		{BD09C3AB-9DA1-40D1-AF99-555421714EB0} = {1D27D6CD-9BEC-4F62-A65A-AC2AD82BE930}
		{02037BF1-5E62-47C8-992D-B1758D645C0F} = {1D27D6CD-9BEC-4F62-A65A-AC2AD82BE930}
		{98BD7EC6-398A-485B-A7FF-E216FBC3280A} = {1D27D6CD-9BEC-4F62-A65A-AC2AD82BE930}
		{E2DCF47B-C0C6-49AA-87B6-832EFE5B7D0F} = {1D27D6CD-9BEC-4F62-A65A-AC2AD82BE930}
	EndGlobalSection
	GlobalSection(ExtensibilityGlobals) = postSolution
		SolutionGuid = {62DD514F-8526-40D9-A8D7-1B16C6779830}
	EndGlobalSection
EndGlobal
