
Microsoft Visual Studio Solution File, Format Version 12.00
# Visual Studio 15
VisualStudioVersion = 15.0.28307.136
MinimumVisualStudioVersion = 10.0.40219.1
Project("{9A19103F-16F7-4668-BE54-9A1E7A4F7556}") = "DesignPatterns", "DesignPatterns\DesignPatterns.csproj", "{8E0AD78F-9775-4048-AC9D-F9216EF407F5}"
EndProject
Project("{2150E333-8FDC-42A3-9474-1A3956D46DE8}") = "Abstracts", "Abstracts", "{2CC4F0BE-10FD-434F-ADED-DB0198FB167C}"
EndProject
Project("{2150E333-8FDC-42A3-9474-1A3956D46DE8}") = "Examples", "Examples", "{702D227B-9837-4E73-B485-2135960D0A99}"
EndProject
Project("{2150E333-8FDC-42A3-9474-1A3956D46DE8}") = "CreationalPatterns", "CreationalPatterns", "{1D27D6CD-9BEC-4F62-A65A-AC2AD82BE930}"
EndProject
Project("{2150E333-8FDC-42A3-9474-1A3956D46DE8}") = "StructuralPatterns", "StructuralPatterns", "{556EB5F0-2B3C-4D9E-B3E1-4308DEA11A7F}"
EndProject
Project("{9A19103F-16F7-4668-BE54-9A1E7A4F7556}") = "AbstractFactory", "Abstracts\CreationalPatterns\AbstractFactory\AbstractFactory.csproj", "{9629639D-3C48-487A-9E04-7C99237F5896}"
EndProject
Project("{9A19103F-16F7-4668-BE54-9A1E7A4F7556}") = "Builder", "Abstracts\CreationalPatterns\Builder\Builder.csproj", "{BD09C3AB-9DA1-40D1-AF99-555421714EB0}"
EndProject
Project("{9A19103F-16F7-4668-BE54-9A1E7A4F7556}") = "FactoryMethod", "Abstracts\CreationalPatterns\FactoryMethod\FactoryMethod.csproj", "{02037BF1-5E62-47C8-992D-B1758D645C0F}"
EndProject
Project("{9A19103F-16F7-4668-BE54-9A1E7A4F7556}") = "Singleton", "Abstracts\CreationalPatterns\Singleton\Singleton.csproj", "{98BD7EC6-398A-485B-A7FF-E216FBC3280A}"
EndProject
Project("{9A19103F-16F7-4668-BE54-9A1E7A4F7556}") = "Prototype", "Abstracts\CreationalPatterns\Prototype\Prototype.csproj", "{3700C563-2AB6-4A5C-B538-71CE08052804}"
EndProject
Project("{2150E333-8FDC-42A3-9474-1A3956D46DE8}") = "CreationalPatterns", "CreationalPatterns", "{9D24B226-4084-4FE0-A988-B81224911C0A}"
EndProject
Project("{9A19103F-16F7-4668-BE54-9A1E7A4F7556}") = "Decorator", "Abstracts\StructuralPatterns\Decorator\Decorator.csproj", "{96A914C2-B981-4C4C-8E12-E377AD6BBA71}"
EndProject
Project("{9A19103F-16F7-4668-BE54-9A1E7A4F7556}") = "AbstractFactory_Example", "Examples\CreationalPatterns\AbstractFactory_Example\AbstractFactory_Example.csproj", "{1B386542-75B0-4316-A087-3ECD066C341A}"
EndProject
Project("{9A19103F-16F7-4668-BE54-9A1E7A4F7556}") = "Singleton_Example", "Examples\CreationalPatterns\Singleton_Example\Singleton_Example.csproj", "{F1D3BB7D-82BB-4F67-AC69-AAB2710F2255}"
EndProject
Project("{9A19103F-16F7-4668-BE54-9A1E7A4F7556}") = "Facade", "Abstracts\StructuralPatterns\Facade\Facade.csproj", "{A0ABE5D0-1387-4E23-A586-900CFBA9A3DC}"
EndProject
Project("{9A19103F-16F7-4668-BE54-9A1E7A4F7556}") = "Adapter", "Abstracts\StructuralPatterns\Adapter\Adapter.csproj", "{EE90BAD4-9534-4A8F-B23B-90B67FE5D5E0}"
EndProject
Project("{9A19103F-16F7-4668-BE54-9A1E7A4F7556}") = "FactoryMethod_Example", "Examples\CreationalPatterns\FactoryMethod_Example\FactoryMethod_Example.csproj", "{CC0FE4A0-A269-4BF0-973C-0522687DED11}"
EndProject
Project("{9A19103F-16F7-4668-BE54-9A1E7A4F7556}") = "Builder_Example", "Examples\CreationalPatterns\Builder_Example\Builder_Example.csproj", "{ACED906A-BAC6-4286-83C5-41CB1B70CD66}"
EndProject
Project("{9A19103F-16F7-4668-BE54-9A1E7A4F7556}") = "Prototype_Example", "Examples\CreationalPatterns\Prototype_Example\Prototype_Example.csproj", "{D4406048-C25F-4531-A75A-8D9661A01BAF}"
EndProject
Project("{2150E333-8FDC-42A3-9474-1A3956D46DE8}") = "StructuralPatterns", "StructuralPatterns", "{2500542E-57FF-4956-962F-67C51C30656D}"
EndProject
Project("{9A19103F-16F7-4668-BE54-9A1E7A4F7556}") = "Adapter_Example", "Examples\StructuralPatterns\Adapter_Example\Adapter_Example.csproj", "{47913CD0-80B1-4D99-BF5C-D55BFC0D326F}"
EndProject
Project("{9A19103F-16F7-4668-BE54-9A1E7A4F7556}") = "Decorator_Example", "Examples\StructuralPatterns\Decorator_Example\Decorator_Example.csproj", "{AC28F6B7-4CE5-4A9D-9C3A-D392596FC77B}"
EndProject
Project("{9A19103F-16F7-4668-BE54-9A1E7A4F7556}") = "Bridge", "Abstracts\StructuralPatterns\Bridge\Bridge.csproj", "{99EE10A6-02A3-45E5-8A2A-63B4A36E95B5}"
EndProject
Project("{9A19103F-16F7-4668-BE54-9A1E7A4F7556}") = "Composite", "Abstracts\StructuralPatterns\Composite\Composite.csproj", "{D7D80261-BA13-46AE-B4BC-01BB95634C41}"
EndProject
Project("{9A19103F-16F7-4668-BE54-9A1E7A4F7556}") = "Proxy", "Abstracts\StructuralPatterns\Proxy\Proxy.csproj", "{AB07E341-FB98-4E1C-B6E2-71E9F44142BE}"
EndProject
Project("{2150E333-8FDC-42A3-9474-1A3956D46DE8}") = "BehavioralPatterns", "BehavioralPatterns", "{7643B9CB-F8E5-43D8-BAB1-E0E35C832AB4}"
EndProject
Project("{FAE04EC0-301F-11D3-BF4B-00C04F79EFBC}") = "Strategy", "Strategy\Strategy.csproj", "{C183F17B-8E8C-4F86-8EB9-7A55D8262A14}"
EndProject
Global
	GlobalSection(SolutionConfigurationPlatforms) = preSolution
		Debug|Any CPU = Debug|Any CPU
		Release|Any CPU = Release|Any CPU
	EndGlobalSection
	GlobalSection(ProjectConfigurationPlatforms) = postSolution
		{8E0AD78F-9775-4048-AC9D-F9216EF407F5}.Debug|Any CPU.ActiveCfg = Debug|Any CPU
		{8E0AD78F-9775-4048-AC9D-F9216EF407F5}.Debug|Any CPU.Build.0 = Debug|Any CPU
		{8E0AD78F-9775-4048-AC9D-F9216EF407F5}.Release|Any CPU.ActiveCfg = Release|Any CPU
		{8E0AD78F-9775-4048-AC9D-F9216EF407F5}.Release|Any CPU.Build.0 = Release|Any CPU
		{9629639D-3C48-487A-9E04-7C99237F5896}.Debug|Any CPU.ActiveCfg = Debug|Any CPU
		{9629639D-3C48-487A-9E04-7C99237F5896}.Debug|Any CPU.Build.0 = Debug|Any CPU
		{9629639D-3C48-487A-9E04-7C99237F5896}.Release|Any CPU.ActiveCfg = Release|Any CPU
		{9629639D-3C48-487A-9E04-7C99237F5896}.Release|Any CPU.Build.0 = Release|Any CPU
		{BD09C3AB-9DA1-40D1-AF99-555421714EB0}.Debug|Any CPU.ActiveCfg = Debug|Any CPU
		{BD09C3AB-9DA1-40D1-AF99-555421714EB0}.Debug|Any CPU.Build.0 = Debug|Any CPU
		{BD09C3AB-9DA1-40D1-AF99-555421714EB0}.Release|Any CPU.ActiveCfg = Release|Any CPU
		{BD09C3AB-9DA1-40D1-AF99-555421714EB0}.Release|Any CPU.Build.0 = Release|Any CPU
		{02037BF1-5E62-47C8-992D-B1758D645C0F}.Debug|Any CPU.ActiveCfg = Debug|Any CPU
		{02037BF1-5E62-47C8-992D-B1758D645C0F}.Debug|Any CPU.Build.0 = Debug|Any CPU
		{02037BF1-5E62-47C8-992D-B1758D645C0F}.Release|Any CPU.ActiveCfg = Release|Any CPU
		{02037BF1-5E62-47C8-992D-B1758D645C0F}.Release|Any CPU.Build.0 = Release|Any CPU
		{98BD7EC6-398A-485B-A7FF-E216FBC3280A}.Debug|Any CPU.ActiveCfg = Debug|Any CPU
		{98BD7EC6-398A-485B-A7FF-E216FBC3280A}.Debug|Any CPU.Build.0 = Debug|Any CPU
		{98BD7EC6-398A-485B-A7FF-E216FBC3280A}.Release|Any CPU.ActiveCfg = Release|Any CPU
		{98BD7EC6-398A-485B-A7FF-E216FBC3280A}.Release|Any CPU.Build.0 = Release|Any CPU
		{3700C563-2AB6-4A5C-B538-71CE08052804}.Debug|Any CPU.ActiveCfg = Debug|Any CPU
		{3700C563-2AB6-4A5C-B538-71CE08052804}.Debug|Any CPU.Build.0 = Debug|Any CPU
		{3700C563-2AB6-4A5C-B538-71CE08052804}.Release|Any CPU.ActiveCfg = Release|Any CPU
		{3700C563-2AB6-4A5C-B538-71CE08052804}.Release|Any CPU.Build.0 = Release|Any CPU
		{96A914C2-B981-4C4C-8E12-E377AD6BBA71}.Debug|Any CPU.ActiveCfg = Debug|Any CPU
		{96A914C2-B981-4C4C-8E12-E377AD6BBA71}.Debug|Any CPU.Build.0 = Debug|Any CPU
		{96A914C2-B981-4C4C-8E12-E377AD6BBA71}.Release|Any CPU.ActiveCfg = Release|Any CPU
		{96A914C2-B981-4C4C-8E12-E377AD6BBA71}.Release|Any CPU.Build.0 = Release|Any CPU
		{1B386542-75B0-4316-A087-3ECD066C341A}.Debug|Any CPU.ActiveCfg = Debug|Any CPU
		{1B386542-75B0-4316-A087-3ECD066C341A}.Debug|Any CPU.Build.0 = Debug|Any CPU
		{1B386542-75B0-4316-A087-3ECD066C341A}.Release|Any CPU.ActiveCfg = Release|Any CPU
		{1B386542-75B0-4316-A087-3ECD066C341A}.Release|Any CPU.Build.0 = Release|Any CPU
		{F1D3BB7D-82BB-4F67-AC69-AAB2710F2255}.Debug|Any CPU.ActiveCfg = Debug|Any CPU
		{F1D3BB7D-82BB-4F67-AC69-AAB2710F2255}.Debug|Any CPU.Build.0 = Debug|Any CPU
		{F1D3BB7D-82BB-4F67-AC69-AAB2710F2255}.Release|Any CPU.ActiveCfg = Release|Any CPU
		{F1D3BB7D-82BB-4F67-AC69-AAB2710F2255}.Release|Any CPU.Build.0 = Release|Any CPU
		{A0ABE5D0-1387-4E23-A586-900CFBA9A3DC}.Debug|Any CPU.ActiveCfg = Debug|Any CPU
		{A0ABE5D0-1387-4E23-A586-900CFBA9A3DC}.Debug|Any CPU.Build.0 = Debug|Any CPU
		{A0ABE5D0-1387-4E23-A586-900CFBA9A3DC}.Release|Any CPU.ActiveCfg = Release|Any CPU
		{A0ABE5D0-1387-4E23-A586-900CFBA9A3DC}.Release|Any CPU.Build.0 = Release|Any CPU
		{EE90BAD4-9534-4A8F-B23B-90B67FE5D5E0}.Debug|Any CPU.ActiveCfg = Debug|Any CPU
		{EE90BAD4-9534-4A8F-B23B-90B67FE5D5E0}.Debug|Any CPU.Build.0 = Debug|Any CPU
		{EE90BAD4-9534-4A8F-B23B-90B67FE5D5E0}.Release|Any CPU.ActiveCfg = Release|Any CPU
		{EE90BAD4-9534-4A8F-B23B-90B67FE5D5E0}.Release|Any CPU.Build.0 = Release|Any CPU
		{CC0FE4A0-A269-4BF0-973C-0522687DED11}.Debug|Any CPU.ActiveCfg = Debug|Any CPU
		{CC0FE4A0-A269-4BF0-973C-0522687DED11}.Debug|Any CPU.Build.0 = Debug|Any CPU
		{CC0FE4A0-A269-4BF0-973C-0522687DED11}.Release|Any CPU.ActiveCfg = Release|Any CPU
		{CC0FE4A0-A269-4BF0-973C-0522687DED11}.Release|Any CPU.Build.0 = Release|Any CPU
		{ACED906A-BAC6-4286-83C5-41CB1B70CD66}.Debug|Any CPU.ActiveCfg = Debug|Any CPU
		{ACED906A-BAC6-4286-83C5-41CB1B70CD66}.Debug|Any CPU.Build.0 = Debug|Any CPU
		{ACED906A-BAC6-4286-83C5-41CB1B70CD66}.Release|Any CPU.ActiveCfg = Release|Any CPU
		{ACED906A-BAC6-4286-83C5-41CB1B70CD66}.Release|Any CPU.Build.0 = Release|Any CPU
		{D4406048-C25F-4531-A75A-8D9661A01BAF}.Debug|Any CPU.ActiveCfg = Debug|Any CPU
		{D4406048-C25F-4531-A75A-8D9661A01BAF}.Debug|Any CPU.Build.0 = Debug|Any CPU
		{D4406048-C25F-4531-A75A-8D9661A01BAF}.Release|Any CPU.ActiveCfg = Release|Any CPU
		{D4406048-C25F-4531-A75A-8D9661A01BAF}.Release|Any CPU.Build.0 = Release|Any CPU
		{47913CD0-80B1-4D99-BF5C-D55BFC0D326F}.Debug|Any CPU.ActiveCfg = Debug|Any CPU
		{47913CD0-80B1-4D99-BF5C-D55BFC0D326F}.Debug|Any CPU.Build.0 = Debug|Any CPU
		{47913CD0-80B1-4D99-BF5C-D55BFC0D326F}.Release|Any CPU.ActiveCfg = Release|Any CPU
		{47913CD0-80B1-4D99-BF5C-D55BFC0D326F}.Release|Any CPU.Build.0 = Release|Any CPU
		{AC28F6B7-4CE5-4A9D-9C3A-D392596FC77B}.Debug|Any CPU.ActiveCfg = Debug|Any CPU
		{AC28F6B7-4CE5-4A9D-9C3A-D392596FC77B}.Debug|Any CPU.Build.0 = Debug|Any CPU
		{AC28F6B7-4CE5-4A9D-9C3A-D392596FC77B}.Release|Any CPU.ActiveCfg = Release|Any CPU
		{AC28F6B7-4CE5-4A9D-9C3A-D392596FC77B}.Release|Any CPU.Build.0 = Release|Any CPU
		{99EE10A6-02A3-45E5-8A2A-63B4A36E95B5}.Debug|Any CPU.ActiveCfg = Debug|Any CPU
		{99EE10A6-02A3-45E5-8A2A-63B4A36E95B5}.Debug|Any CPU.Build.0 = Debug|Any CPU
		{99EE10A6-02A3-45E5-8A2A-63B4A36E95B5}.Release|Any CPU.ActiveCfg = Release|Any CPU
		{99EE10A6-02A3-45E5-8A2A-63B4A36E95B5}.Release|Any CPU.Build.0 = Release|Any CPU
		{D7D80261-BA13-46AE-B4BC-01BB95634C41}.Debug|Any CPU.ActiveCfg = Debug|Any CPU
		{D7D80261-BA13-46AE-B4BC-01BB95634C41}.Debug|Any CPU.Build.0 = Debug|Any CPU
		{D7D80261-BA13-46AE-B4BC-01BB95634C41}.Release|Any CPU.ActiveCfg = Release|Any CPU
		{D7D80261-BA13-46AE-B4BC-01BB95634C41}.Release|Any CPU.Build.0 = Release|Any CPU
		{AB07E341-FB98-4E1C-B6E2-71E9F44142BE}.Debug|Any CPU.ActiveCfg = Debug|Any CPU
		{AB07E341-FB98-4E1C-B6E2-71E9F44142BE}.Debug|Any CPU.Build.0 = Debug|Any CPU
		{AB07E341-FB98-4E1C-B6E2-71E9F44142BE}.Release|Any CPU.ActiveCfg = Release|Any CPU
		{AB07E341-FB98-4E1C-B6E2-71E9F44142BE}.Release|Any CPU.Build.0 = Release|Any CPU
		{C183F17B-8E8C-4F86-8EB9-7A55D8262A14}.Debug|Any CPU.ActiveCfg = Debug|Any CPU
		{C183F17B-8E8C-4F86-8EB9-7A55D8262A14}.Debug|Any CPU.Build.0 = Debug|Any CPU
		{C183F17B-8E8C-4F86-8EB9-7A55D8262A14}.Release|Any CPU.ActiveCfg = Release|Any CPU
		{C183F17B-8E8C-4F86-8EB9-7A55D8262A14}.Release|Any CPU.Build.0 = Release|Any CPU
	EndGlobalSection
	GlobalSection(SolutionProperties) = preSolution
		HideSolutionNode = FALSE
	EndGlobalSection
	GlobalSection(NestedProjects) = preSolution
		{1D27D6CD-9BEC-4F62-A65A-AC2AD82BE930} = {2CC4F0BE-10FD-434F-ADED-DB0198FB167C}
		{556EB5F0-2B3C-4D9E-B3E1-4308DEA11A7F} = {2CC4F0BE-10FD-434F-ADED-DB0198FB167C}
		{9629639D-3C48-487A-9E04-7C99237F5896} = {1D27D6CD-9BEC-4F62-A65A-AC2AD82BE930}
		{BD09C3AB-9DA1-40D1-AF99-555421714EB0} = {1D27D6CD-9BEC-4F62-A65A-AC2AD82BE930}
		{02037BF1-5E62-47C8-992D-B1758D645C0F} = {1D27D6CD-9BEC-4F62-A65A-AC2AD82BE930}
		{98BD7EC6-398A-485B-A7FF-E216FBC3280A} = {1D27D6CD-9BEC-4F62-A65A-AC2AD82BE930}
		{3700C563-2AB6-4A5C-B538-71CE08052804} = {1D27D6CD-9BEC-4F62-A65A-AC2AD82BE930}
		{9D24B226-4084-4FE0-A988-B81224911C0A} = {702D227B-9837-4E73-B485-2135960D0A99}
		{96A914C2-B981-4C4C-8E12-E377AD6BBA71} = {556EB5F0-2B3C-4D9E-B3E1-4308DEA11A7F}
		{1B386542-75B0-4316-A087-3ECD066C341A} = {9D24B226-4084-4FE0-A988-B81224911C0A}
		{F1D3BB7D-82BB-4F67-AC69-AAB2710F2255} = {9D24B226-4084-4FE0-A988-B81224911C0A}
		{A0ABE5D0-1387-4E23-A586-900CFBA9A3DC} = {556EB5F0-2B3C-4D9E-B3E1-4308DEA11A7F}
		{EE90BAD4-9534-4A8F-B23B-90B67FE5D5E0} = {556EB5F0-2B3C-4D9E-B3E1-4308DEA11A7F}
		{CC0FE4A0-A269-4BF0-973C-0522687DED11} = {9D24B226-4084-4FE0-A988-B81224911C0A}
		{ACED906A-BAC6-4286-83C5-41CB1B70CD66} = {9D24B226-4084-4FE0-A988-B81224911C0A}
		{D4406048-C25F-4531-A75A-8D9661A01BAF} = {9D24B226-4084-4FE0-A988-B81224911C0A}
		{2500542E-57FF-4956-962F-67C51C30656D} = {702D227B-9837-4E73-B485-2135960D0A99}
		{47913CD0-80B1-4D99-BF5C-D55BFC0D326F} = {2500542E-57FF-4956-962F-67C51C30656D}
		{AC28F6B7-4CE5-4A9D-9C3A-D392596FC77B} = {2500542E-57FF-4956-962F-67C51C30656D}
		{99EE10A6-02A3-45E5-8A2A-63B4A36E95B5} = {556EB5F0-2B3C-4D9E-B3E1-4308DEA11A7F}
		{D7D80261-BA13-46AE-B4BC-01BB95634C41} = {556EB5F0-2B3C-4D9E-B3E1-4308DEA11A7F}
		{AB07E341-FB98-4E1C-B6E2-71E9F44142BE} = {556EB5F0-2B3C-4D9E-B3E1-4308DEA11A7F}
		{7643B9CB-F8E5-43D8-BAB1-E0E35C832AB4} = {2CC4F0BE-10FD-434F-ADED-DB0198FB167C}
		{C183F17B-8E8C-4F86-8EB9-7A55D8262A14} = {7643B9CB-F8E5-43D8-BAB1-E0E35C832AB4}
	EndGlobalSection
	GlobalSection(ExtensibilityGlobals) = postSolution
		SolutionGuid = {62DD514F-8526-40D9-A8D7-1B16C6779830}
	EndGlobalSection
EndGlobal
