
Microsoft Visual Studio Solution File, Format Version 12.00
# Visual Studio 15
VisualStudioVersion = 15.0.28307.136
MinimumVisualStudioVersion = 10.0.40219.1
Project("{FAE04EC0-301F-11D3-BF4B-00C04F79EFBC}") = "DesignPatterns", "DesignPatterns\DesignPatterns.csproj", "{8E0AD78F-9775-4048-AC9D-F9216EF407F5}"
EndProject
Project("{FAE04EC0-301F-11D3-BF4B-00C04F79EFBC}") = "FactoryMethod", "FactoryMethod\FactoryMethod.csproj", "{C59A3BCE-EEDF-4B00-8646-59D015A653E3}"
EndProject
Project("{FAE04EC0-301F-11D3-BF4B-00C04F79EFBC}") = "AbstractFactory", "AbstractFactory\AbstractFactory.csproj", "{087F27EC-7029-4EE8-8064-6A818BD7B169}"
EndProject
Project("{2150E333-8FDC-42A3-9474-1A3956D46DE8}") = "CreationPatterns", "CreationPatterns", "{F13ECF87-FFBA-46BA-9DF7-D68C9859F57B}"
EndProject
Project("{FAE04EC0-301F-11D3-BF4B-00C04F79EFBC}") = "Singleton", "Singleton\Singleton.csproj", "{FBA7866A-EDF7-4249-AB62-700E69B9D594}"
EndProject
Project("{FAE04EC0-301F-11D3-BF4B-00C04F79EFBC}") = "Builder", "Builder\Builder.csproj", "{EBA646B1-54B4-4F14-8F2B-D2BFBEB2D6FC}"
EndProject
Project("{2150E333-8FDC-42A3-9474-1A3956D46DE8}") = "Abstracts", "Abstracts", "{2CC4F0BE-10FD-434F-ADED-DB0198FB167C}"
EndProject
Project("{2150E333-8FDC-42A3-9474-1A3956D46DE8}") = "Examples", "Examples", "{702D227B-9837-4E73-B485-2135960D0A99}"
EndProject
Project("{2150E333-8FDC-42A3-9474-1A3956D46DE8}") = "CreationPatterns", "CreationPatterns", "{16E21BB8-9E8E-4F69-B7E2-2F92BC74EC3A}"
EndProject
Project("{FAE04EC0-301F-11D3-BF4B-00C04F79EFBC}") = "AbstractFactory_Example", "AbstractFactory_Example\AbstractFactory_Example.csproj", "{143FB24E-F009-4046-9940-33AF20910753}"
EndProject
Global
	GlobalSection(SolutionConfigurationPlatforms) = preSolution
		Debug|Any CPU = Debug|Any CPU
		Release|Any CPU = Release|Any CPU
	EndGlobalSection
	GlobalSection(ProjectConfigurationPlatforms) = postSolution
		{8E0AD78F-9775-4048-AC9D-F9216EF407F5}.Debug|Any CPU.ActiveCfg = Debug|Any CPU
		{8E0AD78F-9775-4048-AC9D-F9216EF407F5}.Debug|Any CPU.Build.0 = Debug|Any CPU
		{8E0AD78F-9775-4048-AC9D-F9216EF407F5}.Release|Any CPU.ActiveCfg = Release|Any CPU
		{8E0AD78F-9775-4048-AC9D-F9216EF407F5}.Release|Any CPU.Build.0 = Release|Any CPU
		{C59A3BCE-EEDF-4B00-8646-59D015A653E3}.Debug|Any CPU.ActiveCfg = Debug|Any CPU
		{C59A3BCE-EEDF-4B00-8646-59D015A653E3}.Debug|Any CPU.Build.0 = Debug|Any CPU
		{C59A3BCE-EEDF-4B00-8646-59D015A653E3}.Release|Any CPU.ActiveCfg = Release|Any CPU
		{C59A3BCE-EEDF-4B00-8646-59D015A653E3}.Release|Any CPU.Build.0 = Release|Any CPU
		{087F27EC-7029-4EE8-8064-6A818BD7B169}.Debug|Any CPU.ActiveCfg = Debug|Any CPU
		{087F27EC-7029-4EE8-8064-6A818BD7B169}.Debug|Any CPU.Build.0 = Debug|Any CPU
		{087F27EC-7029-4EE8-8064-6A818BD7B169}.Release|Any CPU.ActiveCfg = Release|Any CPU
		{087F27EC-7029-4EE8-8064-6A818BD7B169}.Release|Any CPU.Build.0 = Release|Any CPU
		{FBA7866A-EDF7-4249-AB62-700E69B9D594}.Debug|Any CPU.ActiveCfg = Debug|Any CPU
		{FBA7866A-EDF7-4249-AB62-700E69B9D594}.Debug|Any CPU.Build.0 = Debug|Any CPU
		{FBA7866A-EDF7-4249-AB62-700E69B9D594}.Release|Any CPU.ActiveCfg = Release|Any CPU
		{FBA7866A-EDF7-4249-AB62-700E69B9D594}.Release|Any CPU.Build.0 = Release|Any CPU
		{EBA646B1-54B4-4F14-8F2B-D2BFBEB2D6FC}.Debug|Any CPU.ActiveCfg = Debug|Any CPU
		{EBA646B1-54B4-4F14-8F2B-D2BFBEB2D6FC}.Debug|Any CPU.Build.0 = Debug|Any CPU
		{EBA646B1-54B4-4F14-8F2B-D2BFBEB2D6FC}.Release|Any CPU.ActiveCfg = Release|Any CPU
		{EBA646B1-54B4-4F14-8F2B-D2BFBEB2D6FC}.Release|Any CPU.Build.0 = Release|Any CPU
		{143FB24E-F009-4046-9940-33AF20910753}.Debug|Any CPU.ActiveCfg = Debug|Any CPU
		{143FB24E-F009-4046-9940-33AF20910753}.Debug|Any CPU.Build.0 = Debug|Any CPU
		{143FB24E-F009-4046-9940-33AF20910753}.Release|Any CPU.ActiveCfg = Release|Any CPU
		{143FB24E-F009-4046-9940-33AF20910753}.Release|Any CPU.Build.0 = Release|Any CPU
	EndGlobalSection
	GlobalSection(SolutionProperties) = preSolution
		HideSolutionNode = FALSE
	EndGlobalSection
	GlobalSection(NestedProjects) = preSolution
		{C59A3BCE-EEDF-4B00-8646-59D015A653E3} = {F13ECF87-FFBA-46BA-9DF7-D68C9859F57B}
		{087F27EC-7029-4EE8-8064-6A818BD7B169} = {F13ECF87-FFBA-46BA-9DF7-D68C9859F57B}
		{F13ECF87-FFBA-46BA-9DF7-D68C9859F57B} = {2CC4F0BE-10FD-434F-ADED-DB0198FB167C}
		{FBA7866A-EDF7-4249-AB62-700E69B9D594} = {F13ECF87-FFBA-46BA-9DF7-D68C9859F57B}
		{EBA646B1-54B4-4F14-8F2B-D2BFBEB2D6FC} = {F13ECF87-FFBA-46BA-9DF7-D68C9859F57B}
		{16E21BB8-9E8E-4F69-B7E2-2F92BC74EC3A} = {702D227B-9837-4E73-B485-2135960D0A99}
		{143FB24E-F009-4046-9940-33AF20910753} = {F13ECF87-FFBA-46BA-9DF7-D68C9859F57B}
	EndGlobalSection
	GlobalSection(ExtensibilityGlobals) = postSolution
		SolutionGuid = {62DD514F-8526-40D9-A8D7-1B16C6779830}
	EndGlobalSection
EndGlobal
